
Microsoft Visual Studio Solution File, Format Version 12.00
# Visual Studio Version 16
VisualStudioVersion = 16.0.31112.23
MinimumVisualStudioVersion = 10.0.40219.1
Project("{9A19103F-16F7-4668-BE54-9A1E7A4F7556}") = "CDCC.Bussiness", "CDCC.Bussiness\CDCC.Bussiness.csproj", "{11601C96-3FE2-4C9C-B8AD-4DDD7B96AC66}"
EndProject
Project("{9A19103F-16F7-4668-BE54-9A1E7A4F7556}") = "CDCC.Util", "CDCC.Util\CDCC.Util.csproj", "{C6013B88-4D18-49C5-99EE-62805DF345F4}"
EndProject
Project("{9A19103F-16F7-4668-BE54-9A1E7A4F7556}") = "CDCC.API", "CDCC.API\CDCC.API.csproj", "{90DE5245-98CF-452E-A223-3AAC69573184}"
EndProject
Project("{9A19103F-16F7-4668-BE54-9A1E7A4F7556}") = "CDCC.Data", "CDCC.Data\CDCC.Data.csproj", "{D811798F-8AC4-40AA-80B7-48E004D0F373}"
EndProject
Global
	GlobalSection(SolutionConfigurationPlatforms) = preSolution
		Debug|Any CPU = Debug|Any CPU
		Release|Any CPU = Release|Any CPU
	EndGlobalSection
	GlobalSection(ProjectConfigurationPlatforms) = postSolution
		{11601C96-3FE2-4C9C-B8AD-4DDD7B96AC66}.Debug|Any CPU.ActiveCfg = Debug|Any CPU
		{11601C96-3FE2-4C9C-B8AD-4DDD7B96AC66}.Debug|Any CPU.Build.0 = Debug|Any CPU
		{11601C96-3FE2-4C9C-B8AD-4DDD7B96AC66}.Release|Any CPU.ActiveCfg = Release|Any CPU
		{11601C96-3FE2-4C9C-B8AD-4DDD7B96AC66}.Release|Any CPU.Build.0 = Release|Any CPU
		{C6013B88-4D18-49C5-99EE-62805DF345F4}.Debug|Any CPU.ActiveCfg = Debug|Any CPU
		{C6013B88-4D18-49C5-99EE-62805DF345F4}.Debug|Any CPU.Build.0 = Debug|Any CPU
		{C6013B88-4D18-49C5-99EE-62805DF345F4}.Release|Any CPU.ActiveCfg = Release|Any CPU
		{C6013B88-4D18-49C5-99EE-62805DF345F4}.Release|Any CPU.Build.0 = Release|Any CPU
		{90DE5245-98CF-452E-A223-3AAC69573184}.Debug|Any CPU.ActiveCfg = Debug|Any CPU
		{90DE5245-98CF-452E-A223-3AAC69573184}.Debug|Any CPU.Build.0 = Debug|Any CPU
		{90DE5245-98CF-452E-A223-3AAC69573184}.Release|Any CPU.ActiveCfg = Release|Any CPU
		{90DE5245-98CF-452E-A223-3AAC69573184}.Release|Any CPU.Build.0 = Release|Any CPU
		{D811798F-8AC4-40AA-80B7-48E004D0F373}.Debug|Any CPU.ActiveCfg = Debug|Any CPU
		{D811798F-8AC4-40AA-80B7-48E004D0F373}.Debug|Any CPU.Build.0 = Debug|Any CPU
		{D811798F-8AC4-40AA-80B7-48E004D0F373}.Release|Any CPU.ActiveCfg = Release|Any CPU
		{D811798F-8AC4-40AA-80B7-48E004D0F373}.Release|Any CPU.Build.0 = Release|Any CPU
	EndGlobalSection
	GlobalSection(SolutionProperties) = preSolution
		HideSolutionNode = FALSE
	EndGlobalSection
	GlobalSection(ExtensibilityGlobals) = postSolution
		SolutionGuid = {34B3DD74-D431-4C11-ADC6-583A09B3472B}
	EndGlobalSection
EndGlobal
